// !$*UTF8*$!
{
	archiveVersion = 1;
	classes = {
	};
	objectVersion = 77;
	objects = {

/* Begin PBXBuildFile section */
		7293F8F6FB700CFC0F5DA925 /* Pods_SwiftTest_SwiftTestUITests.framework in Frameworks */ = {isa = PBXBuildFile; fileRef = 0C7F9CCAD584BDC1790105A2 /* Pods_SwiftTest_SwiftTestUITests.framework */; };
		8BD9D28BD18290DBA5EFBDF5 /* Pods_SwiftTest.framework in Frameworks */ = {isa = PBXBuildFile; fileRef = 523220F4DD65E539A27746CC /* Pods_SwiftTest.framework */; };
		DD131078F0CAF89B0EF15105 /* Pods_SwiftTestTests.framework in Frameworks */ = {isa = PBXBuildFile; fileRef = 222CA17E9256DE87D4133F43 /* Pods_SwiftTestTests.framework */; };
/* End PBXBuildFile section */

/* Begin PBXContainerItemProxy section */
		A9C9CB992FD2D9D600A39F62 /* PBXContainerItemProxy */ = {
			isa = PBXContainerItemProxy;
			containerPortal = A9C9CB7A2FD2D9D300A39F62 /* Project object */;
			proxyType = 1;
			remoteGlobalIDString = A9C9CB812FD2D9D300A39F62;
			remoteInfo = SwiftTest;
		};
		A9C9CBA32FD2D9D600A39F62 /* PBXContainerItemProxy */ = {
			isa = PBXContainerItemProxy;
			containerPortal = A9C9CB7A2FD2D9D300A39F62 /* Project object */;
			proxyType = 1;
			remoteGlobalIDString = A9C9CB812FD2D9D300A39F62;
			remoteInfo = SwiftTest;
		};
/* End PBXContainerItemProxy section */

/* Begin PBXFileReference section */
		0C7F9CCAD584BDC1790105A2 /* Pods_SwiftTest_SwiftTestUITests.framework */ = {isa = PBXFileReference; explicitFileType = wrapper.framework; includeInIndex = 0; path = Pods_SwiftTest_SwiftTestUITests.framework; sourceTree = BUILT_PRODUCTS_DIR; };
		0F7D5A59233B837C5D694CE9 /* Pods-SwiftTest.debug.xcconfig */ = {isa = PBXFileReference; includeInIndex = 1; lastKnownFileType = text.xcconfig; name = "Pods-SwiftTest.debug.xcconfig"; path = "Target Support Files/Pods-SwiftTest/Pods-SwiftTest.debug.xcconfig"; sourceTree = "<group>"; };
		222CA17E9256DE87D4133F43 /* Pods_SwiftTestTests.framework */ = {isa = PBXFileReference; explicitFileType = wrapper.framework; includeInIndex = 0; path = Pods_SwiftTestTests.framework; sourceTree = BUILT_PRODUCTS_DIR; };
		3319C454F475FCFEE880AF7B /* Pods-SwiftTest.release.xcconfig */ = {isa = PBXFileReference; includeInIndex = 1; lastKnownFileType = text.xcconfig; name = "Pods-SwiftTest.release.xcconfig"; path = "Target Support Files/Pods-SwiftTest/Pods-SwiftTest.release.xcconfig"; sourceTree = "<group>"; };
		51B003ECA636E564920E0951 /* Pods-SwiftTestTests.release.xcconfig */ = {isa = PBXFileReference; includeInIndex = 1; lastKnownFileType = text.xcconfig; name = "Pods-SwiftTestTests.release.xcconfig"; path = "Target Support Files/Pods-SwiftTestTests/Pods-SwiftTestTests.release.xcconfig"; sourceTree = "<group>"; };
		523220F4DD65E539A27746CC /* Pods_SwiftTest.framework */ = {isa = PBXFileReference; explicitFileType = wrapper.framework; includeInIndex = 0; path = Pods_SwiftTest.framework; sourceTree = BUILT_PRODUCTS_DIR; };
		85C40C3E8EA76CDCF381FA00 /* Pods-SwiftTest-SwiftTestUITests.debug.xcconfig */ = {isa = PBXFileReference; includeInIndex = 1; lastKnownFileType = text.xcconfig; name = "Pods-SwiftTest-SwiftTestUITests.debug.xcconfig"; path = "Target Support Files/Pods-SwiftTest-SwiftTestUITests/Pods-SwiftTest-SwiftTestUITests.debug.xcconfig"; sourceTree = "<group>"; };
		A9C9CB822FD2D9D300A39F62 /* SwiftTest.app */ = {isa = PBXFileReference; explicitFileType = wrapper.application; includeInIndex = 0; path = SwiftTest.app; sourceTree = BUILT_PRODUCTS_DIR; };
		A9C9CB982FD2D9D600A39F62 /* SwiftTestTests.xctest */ = {isa = PBXFileReference; explicitFileType = wrapper.cfbundle; includeInIndex = 0; path = SwiftTestTests.xctest; sourceTree = BUILT_PRODUCTS_DIR; };
		A9C9CBA22FD2D9D600A39F62 /* SwiftTestUITests.xctest */ = {isa = PBXFileReference; explicitFileType = wrapper.cfbundle; includeInIndex = 0; path = SwiftTestUITests.xctest; sourceTree = BUILT_PRODUCTS_DIR; };
		CAA0868A4B80B32ED75DD38A /* Pods-SwiftTest-SwiftTestUITests.release.xcconfig */ = {isa = PBXFileReference; includeInIndex = 1; lastKnownFileType = text.xcconfig; name = "Pods-SwiftTest-SwiftTestUITests.release.xcconfig"; path = "Target Support Files/Pods-SwiftTest-SwiftTestUITests/Pods-SwiftTest-SwiftTestUITests.release.xcconfig"; sourceTree = "<group>"; };
		D1DD470C64BAFB5AB93571FF /* Pods-SwiftTestTests.debug.xcconfig */ = {isa = PBXFileReference; includeInIndex = 1; lastKnownFileType = text.xcconfig; name = "Pods-SwiftTestTests.debug.xcconfig"; path = "Target Support Files/Pods-SwiftTestTests/Pods-SwiftTestTests.debug.xcconfig"; sourceTree = "<group>"; };
/* End PBXFileReference section */

/* Begin PBXFileSystemSynchronizedBuildFileExceptionSet section */
		A9C9CBAA2FD2D9D600A39F62 /* Exceptions for "SwiftTest" folder in "SwiftTest" target */ = {
			isa = PBXFileSystemSynchronizedBuildFileExceptionSet;
			membershipExceptions = (
				Info.plist,
			);
			target = A9C9CB812FD2D9D300A39F62 /* SwiftTest */;
		};
/* End PBXFileSystemSynchronizedBuildFileExceptionSet section */

/* Begin PBXFileSystemSynchronizedRootGroup section */
		A9C9CB842FD2D9D300A39F62 /* SwiftTest */ = {
			isa = PBXFileSystemSynchronizedRootGroup;
			exceptions = (
				A9C9CBAA2FD2D9D600A39F62 /* Exceptions for "SwiftTest" folder in "SwiftTest" target */,
			);
			path = SwiftTest;
			sourceTree = "<group>";
		};
		A9C9CB9B2FD2D9D600A39F62 /* SwiftTestTests */ = {
			isa = PBXFileSystemSynchronizedRootGroup;
			path = SwiftTestTests;
			sourceTree = "<group>";
		};
		A9C9CBA52FD2D9D600A39F62 /* SwiftTestUITests */ = {
			isa = PBXFileSystemSynchronizedRootGroup;
			path = SwiftTestUITests;
			sourceTree = "<group>";
		};
/* End PBXFileSystemSynchronizedRootGroup section */

/* Begin PBXFrameworksBuildPhase section */
		A9C9CB7F2FD2D9D300A39F62 /* Frameworks */ = {
			isa = PBXFrameworksBuildPhase;
			buildActionMask = 2147483647;
			files = (
				8BD9D28BD18290DBA5EFBDF5 /* Pods_SwiftTest.framework in Frameworks */,
			);
			runOnlyForDeploymentPostprocessing = 0;
		};
		A9C9CB952FD2D9D600A39F62 /* Frameworks */ = {
			isa = PBXFrameworksBuildPhase;
			buildActionMask = 2147483647;
			files = (
				DD131078F0CAF89B0EF15105 /* Pods_SwiftTestTests.framework in Frameworks */,
			);
			runOnlyForDeploymentPostprocessing = 0;
		};
		A9C9CB9F2FD2D9D600A39F62 /* Frameworks */ = {
			isa = PBXFrameworksBuildPhase;
			buildActionMask = 2147483647;
			files = (
				7293F8F6FB700CFC0F5DA925 /* Pods_SwiftTest_SwiftTestUITests.framework in Frameworks */,
			);
			runOnlyForDeploymentPostprocessing = 0;
		};
/* End PBXFrameworksBuildPhase section */

/* Begin PBXGroup section */
		393D94C03FD05C411D84D3FB /* Pods */ = {
			isa = PBXGroup;
			children = (
				0F7D5A59233B837C5D694CE9 /* Pods-SwiftTest.debug.xcconfig */,
				3319C454F475FCFEE880AF7B /* Pods-SwiftTest.release.xcconfig */,
				85C40C3E8EA76CDCF381FA00 /* Pods-SwiftTest-SwiftTestUITests.debug.xcconfig */,
				CAA0868A4B80B32ED75DD38A /* Pods-SwiftTest-SwiftTestUITests.release.xcconfig */,
				D1DD470C64BAFB5AB93571FF /* Pods-SwiftTestTests.debug.xcconfig */,
				51B003ECA636E564920E0951 /* Pods-SwiftTestTests.release.xcconfig */,
			);
			path = Pods;
			sourceTree = "<group>";
		};
		9D711BDD3851EBC6E60DA740 /* Frameworks */ = {
			isa = PBXGroup;
			children = (
				523220F4DD65E539A27746CC /* Pods_SwiftTest.framework */,
				0C7F9CCAD584BDC1790105A2 /* Pods_SwiftTest_SwiftTestUITests.framework */,
				222CA17E9256DE87D4133F43 /* Pods_SwiftTestTests.framework */,
			);
			name = Frameworks;
			sourceTree = "<group>";
		};
		A9C9CB792FD2D9D300A39F62 = {
			isa = PBXGroup;
			children = (
				A9C9CB842FD2D9D300A39F62 /* SwiftTest */,
				A9C9CB9B2FD2D9D600A39F62 /* SwiftTestTests */,
				A9C9CBA52FD2D9D600A39F62 /* SwiftTestUITests */,
				A9C9CB832FD2D9D300A39F62 /* Products */,
				393D94C03FD05C411D84D3FB /* Pods */,
				9D711BDD3851EBC6E60DA740 /* Frameworks */,
			);
			sourceTree = "<group>";
		};
		A9C9CB832FD2D9D300A39F62 /* Products */ = {
			isa = PBXGroup;
			children = (
				A9C9CB822FD2D9D300A39F62 /* SwiftTest.app */,
				A9C9CB982FD2D9D600A39F62 /* SwiftTestTests.xctest */,
				A9C9CBA22FD2D9D600A39F62 /* SwiftTestUITests.xctest */,
			);
			name = Products;
			sourceTree = "<group>";
		};
/* End PBXGroup section */

/* Begin PBXNativeTarget section */
		A9C9CB812FD2D9D300A39F62 /* SwiftTest */ = {
			isa = PBXNativeTarget;
			buildConfigurationList = A9C9CBAB2FD2D9D600A39F62 /* Build configuration list for PBXNativeTarget "SwiftTest" */;
			buildPhases = (
				90F77B857E78ED833E0D9C23 /* [CP] Check Pods Manifest.lock */,
				A9C9CB7E2FD2D9D300A39F62 /* Sources */,
				A9C9CB7F2FD2D9D300A39F62 /* Frameworks */,
				A9C9CB802FD2D9D300A39F62 /* Resources */,
				65360CE8FA069D19D3247743 /* [CP] Embed Pods Frameworks */,
			);
			buildRules = (
			);
			dependencies = (
			);
			fileSystemSynchronizedGroups = (
				A9C9CB842FD2D9D300A39F62 /* SwiftTest */,
			);
			name = SwiftTest;
			productName = SwiftTest;
			productReference = A9C9CB822FD2D9D300A39F62 /* SwiftTest.app */;
			productType = "com.apple.product-type.application";
		};
		A9C9CB972FD2D9D600A39F62 /* SwiftTestTests */ = {
			isa = PBXNativeTarget;
			buildConfigurationList = A9C9CBB02FD2D9D600A39F62 /* Build configuration list for PBXNativeTarget "SwiftTestTests" */;
			buildPhases = (
				5BDDE071D2BF758EF6C490A3 /* [CP] Check Pods Manifest.lock */,
				A9C9CB942FD2D9D600A39F62 /* Sources */,
				A9C9CB952FD2D9D600A39F62 /* Frameworks */,
				A9C9CB962FD2D9D600A39F62 /* Resources */,
			);
			buildRules = (
			);
			dependencies = (
				A9C9CB9A2FD2D9D600A39F62 /* PBXTargetDependency */,
			);
			fileSystemSynchronizedGroups = (
				A9C9CB9B2FD2D9D600A39F62 /* SwiftTestTests */,
			);
			name = SwiftTestTests;
			productName = SwiftTestTests;
			productReference = A9C9CB982FD2D9D600A39F62 /* SwiftTestTests.xctest */;
			productType = "com.apple.product-type.bundle.unit-test";
		};
		A9C9CBA12FD2D9D600A39F62 /* SwiftTestUITests */ = {
			isa = PBXNativeTarget;
			buildConfigurationList = A9C9CBB32FD2D9D600A39F62 /* Build configuration list for PBXNativeTarget "SwiftTestUITests" */;
			buildPhases = (
				FB67ABE132222649EA0BD7AA /* [CP] Check Pods Manifest.lock */,
				A9C9CB9E2FD2D9D600A39F62 /* Sources */,
				A9C9CB9F2FD2D9D600A39F62 /* Frameworks */,
				A9C9CBA02FD2D9D600A39F62 /* Resources */,
				A94E6F899E8BA66B8C8D8645 /* [CP] Embed Pods Frameworks */,
			);
			buildRules = (
			);
			dependencies = (
				A9C9CBA42FD2D9D600A39F62 /* PBXTargetDependency */,
			);
			fileSystemSynchronizedGroups = (
				A9C9CBA52FD2D9D600A39F62 /* SwiftTestUITests */,
			);
			name = SwiftTestUITests;
			productName = SwiftTestUITests;
			productReference = A9C9CBA22FD2D9D600A39F62 /* SwiftTestUITests.xctest */;
			productType = "com.apple.product-type.bundle.ui-testing";
		};
/* End PBXNativeTarget section */

/* Begin PBXProject section */
		A9C9CB7A2FD2D9D300A39F62 /* Project object */ = {
			isa = PBXProject;
			attributes = {
				BuildIndependentTargetsInParallel = 1;
				LastSwiftUpdateCheck = 1620;
				LastUpgradeCheck = 1620;
				TargetAttributes = {
					A9C9CB812FD2D9D300A39F62 = {
						CreatedOnToolsVersion = 16.2;
					};
					A9C9CB972FD2D9D600A39F62 = {
						CreatedOnToolsVersion = 16.2;
						TestTargetID = A9C9CB812FD2D9D300A39F62;
					};
					A9C9CBA12FD2D9D600A39F62 = {
						CreatedOnToolsVersion = 16.2;
						TestTargetID = A9C9CB812FD2D9D300A39F62;
					};
				};
			};
			buildConfigurationList = A9C9CB7D2FD2D9D300A39F62 /* Build configuration list for PBXProject "SwiftTest" */;
			developmentRegion = en;
			hasScannedForEncodings = 0;
			knownRegions = (
				en,
				Base,
			);
			mainGroup = A9C9CB792FD2D9D300A39F62;
			minimizedProjectReferenceProxies = 1;
			preferredProjectObjectVersion = 77;
			productRefGroup = A9C9CB832FD2D9D300A39F62 /* Products */;
			projectDirPath = "";
			projectRoot = "";
			targets = (
				A9C9CB812FD2D9D300A39F62 /* SwiftTest */,
				A9C9CB972FD2D9D600A39F62 /* SwiftTestTests */,
				A9C9CBA12FD2D9D600A39F62 /* SwiftTestUITests */,
			);
		};
/* End PBXProject section */

/* Begin PBXResourcesBuildPhase section */
		A9C9CB802FD2D9D300A39F62 /* Resources */ = {
			isa = PBXResourcesBuildPhase;
			buildActionMask = 2147483647;
			files = (
			);
			runOnlyForDeploymentPostprocessing = 0;
		};
		A9C9CB962FD2D9D600A39F62 /* Resources */ = {
			isa = PBXResourcesBuildPhase;
			buildActionMask = 2147483647;
			files = (
			);
			runOnlyForDeploymentPostprocessing = 0;
		};
		A9C9CBA02FD2D9D600A39F62 /* Resources */ = {
			isa = PBXResourcesBuildPhase;
			buildActionMask = 2147483647;
			files = (
			);
			runOnlyForDeploymentPostprocessing = 0;
		};
/* End PBXResourcesBuildPhase section */

/* Begin PBXShellScriptBuildPhase section */
		5BDDE071D2BF758EF6C490A3 /* [CP] Check Pods Manifest.lock */ = {
			isa = PBXShellScriptBuildPhase;
			buildActionMask = 2147483647;
			files = (
			);
			inputFileListPaths = (
			);
			inputPaths = (
				"${PODS_PODFILE_DIR_PATH}/Podfile.lock",
				"${PODS_ROOT}/Manifest.lock",
			);
			name = "[CP] Check Pods Manifest.lock";
			outputFileListPaths = (
			);
			outputPaths = (
				"$(DERIVED_FILE_DIR)/Pods-SwiftTestTests-checkManifestLockResult.txt",
			);
			runOnlyForDeploymentPostprocessing = 0;
			shellPath = /bin/sh;
			shellScript = "diff \"${PODS_PODFILE_DIR_PATH}/Podfile.lock\" \"${PODS_ROOT}/Manifest.lock\" > /dev/null\nif [ $? != 0 ] ; then\n    # print error to STDERR\n    echo \"error: The sandbox is not in sync with the Podfile.lock. Run 'pod install' or update your CocoaPods installation.\" >&2\n    exit 1\nfi\n# This output is used by Xcode 'outputs' to avoid re-running this script phase.\necho \"SUCCESS\" > \"${SCRIPT_OUTPUT_FILE_0}\"\n";
			showEnvVarsInLog = 0;
		};
		65360CE8FA069D19D3247743 /* [CP] Embed Pods Frameworks */ = {
			isa = PBXShellScriptBuildPhase;
			buildActionMask = 2147483647;
			files = (
			);
			inputFileListPaths = (
				"${PODS_ROOT}/Target Support Files/Pods-SwiftTest/Pods-SwiftTest-frameworks-${CONFIGURATION}-input-files.xcfilelist",
			);
			name = "[CP] Embed Pods Frameworks";
			outputFileListPaths = (
				"${PODS_ROOT}/Target Support Files/Pods-SwiftTest/Pods-SwiftTest-frameworks-${CONFIGURATION}-output-files.xcfilelist",
			);
			runOnlyForDeploymentPostprocessing = 0;
			shellPath = /bin/sh;
			shellScript = "\"${PODS_ROOT}/Target Support Files/Pods-SwiftTest/Pods-SwiftTest-frameworks.sh\"\n";
			showEnvVarsInLog = 0;
		};
		90F77B857E78ED833E0D9C23 /* [CP] Check Pods Manifest.lock */ = {
			isa = PBXShellScriptBuildPhase;
			buildActionMask = 2147483647;
			files = (
			);
			inputFileListPaths = (
			);
			inputPaths = (
				"${PODS_PODFILE_DIR_PATH}/Podfile.lock",
				"${PODS_ROOT}/Manifest.lock",
			);
			name = "[CP] Check Pods Manifest.lock";
			outputFileListPaths = (
			);
			outputPaths = (
				"$(DERIVED_FILE_DIR)/Pods-SwiftTest-checkManifestLockResult.txt",
			);
			runOnlyForDeploymentPostprocessing = 0;
			shellPath = /bin/sh;
			shellScript = "diff \"${PODS_PODFILE_DIR_PATH}/Podfile.lock\" \"${PODS_ROOT}/Manifest.lock\" > /dev/null\nif [ $? != 0 ] ; then\n    # print error to STDERR\n    echo \"error: The sandbox is not in sync with the Podfile.lock. Run 'pod install' or update your CocoaPods installation.\" >&2\n    exit 1\nfi\n# This output is used by Xcode 'outputs' to avoid re-running this script phase.\necho \"SUCCESS\" > \"${SCRIPT_OUTPUT_FILE_0}\"\n";
			showEnvVarsInLog = 0;
		};
		A94E6F899E8BA66B8C8D8645 /* [CP] Embed Pods Frameworks */ = {
			isa = PBXShellScriptBuildPhase;
			buildActionMask = 2147483647;
			files = (
			);
			inputFileListPaths = (
				"${PODS_ROOT}/Target Support Files/Pods-SwiftTest-SwiftTestUITests/Pods-SwiftTest-SwiftTestUITests-frameworks-${CONFIGURATION}-input-files.xcfilelist",
			);
			name = "[CP] Embed Pods Frameworks";
			outputFileListPaths = (
				"${PODS_ROOT}/Target Support Files/Pods-SwiftTest-SwiftTestUITests/Pods-SwiftTest-SwiftTestUITests-frameworks-${CONFIGURATION}-output-files.xcfilelist",
			);
			runOnlyForDeploymentPostprocessing = 0;
			shellPath = /bin/sh;
			shellScript = "\"${PODS_ROOT}/Target Support Files/Pods-SwiftTest-SwiftTestUITests/Pods-SwiftTest-SwiftTestUITests-frameworks.sh\"\n";
			showEnvVarsInLog = 0;
		};
		FB67ABE132222649EA0BD7AA /* [CP] Check Pods Manifest.lock */ = {
			isa = PBXShellScriptBuildPhase;
			buildActionMask = 2147483647;
			files = (
			);
			inputFileListPaths = (
			);
			inputPaths = (
				"${PODS_PODFILE_DIR_PATH}/Podfile.lock",
				"${PODS_ROOT}/Manifest.lock",
			);
			name = "[CP] Check Pods Manifest.lock";
			outputFileListPaths = (
			);
			outputPaths = (
				"$(DERIVED_FILE_DIR)/Pods-SwiftTest-SwiftTestUITests-checkManifestLockResult.txt",
			);
			runOnlyForDeploymentPostprocessing = 0;
			shellPath = /bin/sh;
			shellScript = "diff \"${PODS_PODFILE_DIR_PATH}/Podfile.lock\" \"${PODS_ROOT}/Manifest.lock\" > /dev/null\nif [ $? != 0 ] ; then\n    # print error to STDERR\n    echo \"error: The sandbox is not in sync with the Podfile.lock. Run 'pod install' or update your CocoaPods installation.\" >&2\n    exit 1\nfi\n# This output is used by Xcode 'outputs' to avoid re-running this script phase.\necho \"SUCCESS\" > \"${SCRIPT_OUTPUT_FILE_0}\"\n";
			showEnvVarsInLog = 0;
		};
/* End PBXShellScriptBuildPhase section */

/* Begin PBXSourcesBuildPhase section */
		A9C9CB7E2FD2D9D300A39F62 /* Sources */ = {
			isa = PBXSourcesBuildPhase;
			buildActionMask = 2147483647;
			files = (
			);
			runOnlyForDeploymentPostprocessing = 0;
		};
		A9C9CB942FD2D9D600A39F62 /* Sources */ = {
			isa = PBXSourcesBuildPhase;
			buildActionMask = 2147483647;
			files = (
			);
			runOnlyForDeploymentPostprocessing = 0;
		};
		A9C9CB9E2FD2D9D600A39F62 /* Sources */ = {
			isa = PBXSourcesBuildPhase;
			buildActionMask = 2147483647;
			files = (
			);
			runOnlyForDeploymentPostprocessing = 0;
		};
/* End PBXSourcesBuildPhase section */

/* Begin PBXTargetDependency section */
		A9C9CB9A2FD2D9D600A39F62 /* PBXTargetDependency */ = {
			isa = PBXTargetDependency;
			target = A9C9CB812FD2D9D300A39F62 /* SwiftTest */;
			targetProxy = A9C9CB992FD2D9D600A39F62 /* PBXContainerItemProxy */;
		};
		A9C9CBA42FD2D9D600A39F62 /* PBXTargetDependency */ = {
			isa = PBXTargetDependency;
			target = A9C9CB812FD2D9D300A39F62 /* SwiftTest */;
			targetProxy = A9C9CBA32FD2D9D600A39F62 /* PBXContainerItemProxy */;
		};
/* End PBXTargetDependency section */

/* Begin XCBuildConfiguration section */
		A9C9CBAC2FD2D9D600A39F62 /* Debug */ = {
			isa = XCBuildConfiguration;
			baseConfigurationReference = 0F7D5A59233B837C5D694CE9 /* Pods-SwiftTest.debug.xcconfig */;
			buildSettings = {
				ASSETCATALOG_COMPILER_APPICON_NAME = AppIcon;
				ASSETCATALOG_COMPILER_GLOBAL_ACCENT_COLOR_NAME = AccentColor;
				CODE_SIGN_STYLE = Automatic;
				CURRENT_PROJECT_VERSION = 1;
				DEVELOPMENT_TEAM = 84TBLFRR39;
				GENERATE_INFOPLIST_FILE = YES;
				INFOPLIST_FILE = SwiftTest/Info.plist;
				INFOPLIST_KEY_UIApplicationSupportsIndirectInputEvents = YES;
				INFOPLIST_KEY_UILaunchStoryboardName = LaunchScreen;
				INFOPLIST_KEY_UIMainStoryboardFile = Main;
				INFOPLIST_KEY_UISupportedInterfaceOrientations_iPad = "UIInterfaceOrientationPortrait UIInterfaceOrientationPortraitUpsideDown UIInterfaceOrientationLandscapeLeft UIInterfaceOrientationLandscapeRight";
				INFOPLIST_KEY_UISupportedInterfaceOrientations_iPhone = "UIInterfaceOrientationPortrait UIInterfaceOrientationLandscapeLeft UIInterfaceOrientationLandscapeRight";
				IPHONEOS_DEPLOYMENT_TARGET = 15.6;
				LD_RUNPATH_SEARCH_PATHS = (
					"$(inherited)",
					"@executable_path/Frameworks",
				);
				MARKETING_VERSION = 1.0;
				PRODUCT_BUNDLE_IDENTIFIER = xukai.SwiftTest;
				PRODUCT_NAME = "$(TARGET_NAME)";
				SWIFT_EMIT_LOC_STRINGS = YES;
				SWIFT_VERSION = 5.0;
				TARGETED_DEVICE_FAMILY = "1,2";
			};
			name = Debug;
		};
		A9C9CBAD2FD2D9D600A39F62 /* Release */ = {
			isa = XCBuildConfiguration;
			baseConfigurationReference = 3319C454F475FCFEE880AF7B /* Pods-SwiftTest.release.xcconfig */;
			buildSettings = {
				ASSETCATALOG_COMPILER_APPICON_NAME = AppIcon;
				ASSETCATALOG_COMPILER_GLOBAL_ACCENT_COLOR_NAME = AccentColor;
				CODE_SIGN_STYLE = Automatic;
				CURRENT_PROJECT_VERSION = 1;
				DEVELOPMENT_TEAM = 84TBLFRR39;
				GENERATE_INFOPLIST_FILE = YES;
				INFOPLIST_FILE = SwiftTest/Info.plist;
				INFOPLIST_KEY_UIApplicationSupportsIndirectInputEvents = YES;
				INFOPLIST_KEY_UILaunchStoryboardName = LaunchScreen;
				INFOPLIST_KEY_UIMainStoryboardFile = Main;
				INFOPLIST_KEY_UISupportedInterfaceOrientations_iPad = "UIInterfaceOrientationPortrait UIInterfaceOrientationPortraitUpsideDown UIInterfaceOrientationLandscapeLeft UIInterfaceOrientationLandscapeRight";
				INFOPLIST_KEY_UISupportedInterfaceOrientations_iPhone = "UIInterfaceOrientationPortrait UIInterfaceOrientationLandscapeLeft UIInterfaceOrientationLandscapeRight";
				IPHONEOS_DEPLOYMENT_TARGET = 15.6;
				LD_RUNPATH_SEARCH_PATHS = (
					"$(inherited)",
					"@executable_path/Frameworks",
				);
				MARKETING_VERSION = 1.0;
				PRODUCT_BUNDLE_IDENTIFIER = xukai.SwiftTest;
				PRODUCT_NAME = "$(TARGET_NAME)";
				SWIFT_EMIT_LOC_STRINGS = YES;
				SWIFT_VERSION = 5.0;
				TARGETED_DEVICE_FAMILY = "1,2";
			};
			name = Release;
		};
		A9C9CBAE2FD2D9D600A39F62 /* Debug */ = {
			isa = XCBuildConfiguration;
			buildSettings = {
				ALWAYS_SEARCH_USER_PATHS = NO;
				ASSETCATALOG_COMPILER_GENERATE_SWIFT_ASSET_SYMBOL_EXTENSIONS = YES;
				CLANG_ANALYZER_NONNULL = YES;
				CLANG_ANALYZER_NUMBER_OBJECT_CONVERSION = YES_AGGRESSIVE;
				CLANG_CXX_LANGUAGE_STANDARD = "gnu++20";
				CLANG_ENABLE_MODULES = YES;
				CLANG_ENABLE_OBJC_ARC = YES;
				CLANG_ENABLE_OBJC_WEAK = YES;
				CLANG_WARN_BLOCK_CAPTURE_AUTORELEASING = YES;
				CLANG_WARN_BOOL_CONVERSION = YES;
				CLANG_WARN_COMMA = YES;
				CLANG_WARN_CONSTANT_CONVERSION = YES;
				CLANG_WARN_DEPRECATED_OBJC_IMPLEMENTATIONS = YES;
				CLANG_WARN_DIRECT_OBJC_ISA_USAGE = YES_ERROR;
				CLANG_WARN_DOCUMENTATION_COMMENTS = YES;
				CLANG_WARN_EMPTY_BODY = YES;
				CLANG_WARN_ENUM_CONVERSION = YES;
				CLANG_WARN_INFINITE_RECURSION = YES;
				CLANG_WARN_INT_CONVERSION = YES;
				CLANG_WARN_NON_LITERAL_NULL_CONVERSION = YES;
				CLANG_WARN_OBJC_IMPLICIT_RETAIN_SELF = YES;
				CLANG_WARN_OBJC_LITERAL_CONVERSION = YES;
				CLANG_WARN_OBJC_ROOT_CLASS = YES_ERROR;
				CLANG_WARN_QUOTED_INCLUDE_IN_FRAMEWORK_HEADER = YES;
				CLANG_WARN_RANGE_LOOP_ANALYSIS = YES;
				CLANG_WARN_STRICT_PROTOTYPES = YES;
				CLANG_WARN_SUSPICIOUS_MOVE = YES;
				CLANG_WARN_UNGUARDED_AVAILABILITY = YES_AGGRESSIVE;
				CLANG_WARN_UNREACHABLE_CODE = YES;
				CLANG_WARN__DUPLICATE_METHOD_MATCH = YES;
				COPY_PHASE_STRIP = NO;
				DEBUG_INFORMATION_FORMAT = dwarf;
				ENABLE_STRICT_OBJC_MSGSEND = YES;
				ENABLE_TESTABILITY = YES;
				ENABLE_USER_SCRIPT_SANDBOXING = NO;
				GCC_C_LANGUAGE_STANDARD = gnu17;
				GCC_DYNAMIC_NO_PIC = NO;
				GCC_NO_COMMON_BLOCKS = YES;
				GCC_OPTIMIZATION_LEVEL = 0;
				GCC_PREPROCESSOR_DEFINITIONS = (
					"DEBUG=1",
					"$(inherited)",
				);
				GCC_WARN_64_TO_32_BIT_CONVERSION = YES;
				GCC_WARN_ABOUT_RETURN_TYPE = YES_ERROR;
				GCC_WARN_UNDECLARED_SELECTOR = YES;
				GCC_WARN_UNINITIALIZED_AUTOS = YES_AGGRESSIVE;
				GCC_WARN_UNUSED_FUNCTION = YES;
				GCC_WARN_UNUSED_VARIABLE = YES;
				IPHONEOS_DEPLOYMENT_TARGET = 18.2;
				LOCALIZATION_PREFERS_STRING_CATALOGS = YES;
				MTL_ENABLE_DEBUG_INFO = INCLUDE_SOURCE;
				MTL_FAST_MATH = YES;
				ONLY_ACTIVE_ARCH = YES;
				SDKROOT = iphoneos;
				SWIFT_ACTIVE_COMPILATION_CONDITIONS = "DEBUG $(inherited)";
				SWIFT_OPTIMIZATION_LEVEL = "-Onone";
			};
			name = Debug;
		};
		A9C9CBAF2FD2D9D600A39F62 /* Release */ = {
			isa = XCBuildConfiguration;
			buildSettings = {
				ALWAYS_SEARCH_USER_PATHS = NO;
				ASSETCATALOG_COMPILER_GENERATE_SWIFT_ASSET_SYMBOL_EXTENSIONS = YES;
				CLANG_ANALYZER_NONNULL = YES;
				CLANG_ANALYZER_NUMBER_OBJECT_CONVERSION = YES_AGGRESSIVE;
				CLANG_CXX_LANGUAGE_STANDARD = "gnu++20";
				CLANG_ENABLE_MODULES = YES;
				CLANG_ENABLE_OBJC_ARC = YES;
				CLANG_ENABLE_OBJC_WEAK = YES;
				CLANG_WARN_BLOCK_CAPTURE_AUTORELEASING = YES;
				CLANG_WARN_BOOL_CONVERSION = YES;
				CLANG_WARN_COMMA = YES;
				CLANG_WARN_CONSTANT_CONVERSION = YES;
				CLANG_WARN_DEPRECATED_OBJC_IMPLEMENTATIONS = YES;
				CLANG_WARN_DIRECT_OBJC_ISA_USAGE = YES_ERROR;
				CLANG_WARN_DOCUMENTATION_COMMENTS = YES;
				CLANG_WARN_EMPTY_BODY = YES;
				CLANG_WARN_ENUM_CONVERSION = YES;
				CLANG_WARN_INFINITE_RECURSION = YES;
				CLANG_WARN_INT_CONVERSION = YES;
				CLANG_WARN_NON_LITERAL_NULL_CONVERSION = YES;
				CLANG_WARN_OBJC_IMPLICIT_RETAIN_SELF = YES;
				CLANG_WARN_OBJC_LITERAL_CONVERSION = YES;
				CLANG_WARN_OBJC_ROOT_CLASS = YES_ERROR;
				CLANG_WARN_QUOTED_INCLUDE_IN_FRAMEWORK_HEADER = YES;
				CLANG_WARN_RANGE_LOOP_ANALYSIS = YES;
				CLANG_WARN_STRICT_PROTOTYPES = YES;
				CLANG_WARN_SUSPICIOUS_MOVE = YES;
				CLANG_WARN_UNGUARDED_AVAILABILITY = YES_AGGRESSIVE;
				CLANG_WARN_UNREACHABLE_CODE = YES;
				CLANG_WARN__DUPLICATE_METHOD_MATCH = YES;
				COPY_PHASE_STRIP = NO;
				DEBUG_INFORMATION_FORMAT = "dwarf-with-dsym";
				ENABLE_NS_ASSERTIONS = NO;
				ENABLE_STRICT_OBJC_MSGSEND = YES;
				ENABLE_USER_SCRIPT_SANDBOXING = NO;
				GCC_C_LANGUAGE_STANDARD = gnu17;
				GCC_NO_COMMON_BLOCKS = YES;
				GCC_WARN_64_TO_32_BIT_CONVERSION = YES;
				GCC_WARN_ABOUT_RETURN_TYPE = YES_ERROR;
				GCC_WARN_UNDECLARED_SELECTOR = YES;
				GCC_WARN_UNINITIALIZED_AUTOS = YES_AGGRESSIVE;
				GCC_WARN_UNUSED_FUNCTION = YES;
				GCC_WARN_UNUSED_VARIABLE = YES;
				IPHONEOS_DEPLOYMENT_TARGET = 18.2;
				LOCALIZATION_PREFERS_STRING_CATALOGS = YES;
				MTL_ENABLE_DEBUG_INFO = NO;
				MTL_FAST_MATH = YES;
				SDKROOT = iphoneos;
				SWIFT_COMPILATION_MODE = wholemodule;
				VALIDATE_PRODUCT = YES;
			};
			name = Release;
		};
		A9C9CBB12FD2D9D600A39F62 /* Debug */ = {
			isa = XCBuildConfiguration;
			baseConfigurationReference = D1DD470C64BAFB5AB93571FF /* Pods-SwiftTestTests.debug.xcconfig */;
			buildSettings = {
				BUNDLE_LOADER = "$(TEST_HOST)";
				CODE_SIGN_STYLE = Automatic;
				CURRENT_PROJECT_VERSION = 1;
				DEVELOPMENT_TEAM = 84TBLFRR39;
				GENERATE_INFOPLIST_FILE = YES;
				IPHONEOS_DEPLOYMENT_TARGET = 18.2;
				MARKETING_VERSION = 1.0;
				PRODUCT_BUNDLE_IDENTIFIER = xukai.SwiftTestTests;
				PRODUCT_NAME = "$(TARGET_NAME)";
				SWIFT_EMIT_LOC_STRINGS = NO;
				SWIFT_VERSION = 5.0;
				TARGETED_DEVICE_FAMILY = "1,2";
				TEST_HOST = "$(BUILT_PRODUCTS_DIR)/SwiftTest.app/$(BUNDLE_EXECUTABLE_FOLDER_PATH)/SwiftTest";
			};
			name = Debug;
		};
		A9C9CBB22FD2D9D600A39F62 /* Release */ = {
			isa = XCBuildConfiguration;
			baseConfigurationReference = 51B003ECA636E564920E0951 /* Pods-SwiftTestTests.release.xcconfig */;
			buildSettings = {
				BUNDLE_LOADER = "$(TEST_HOST)";
				CODE_SIGN_STYLE = Automatic;
				CURRENT_PROJECT_VERSION = 1;
				DEVELOPMENT_TEAM = 84TBLFRR39;
				GENERATE_INFOPLIST_FILE = YES;
				IPHONEOS_DEPLOYMENT_TARGET = 18.2;
				MARKETING_VERSION = 1.0;
				PRODUCT_BUNDLE_IDENTIFIER = xukai.SwiftTestTests;
				PRODUCT_NAME = "$(TARGET_NAME)";
				SWIFT_EMIT_LOC_STRINGS = NO;
				SWIFT_VERSION = 5.0;
				TARGETED_DEVICE_FAMILY = "1,2";
				TEST_HOST = "$(BUILT_PRODUCTS_DIR)/SwiftTest.app/$(BUNDLE_EXECUTABLE_FOLDER_PATH)/SwiftTest";
			};
			name = Release;
		};
		A9C9CBB42FD2D9D600A39F62 /* Debug */ = {
			isa = XCBuildConfiguration;
			baseConfigurationReference = 85C40C3E8EA76CDCF381FA00 /* Pods-SwiftTest-SwiftTestUITests.debug.xcconfig */;
			buildSettings = {
				CODE_SIGN_STYLE = Automatic;
				CURRENT_PROJECT_VERSION = 1;
				DEVELOPMENT_TEAM = 84TBLFRR39;
				GENERATE_INFOPLIST_FILE = YES;
				MARKETING_VERSION = 1.0;
				PRODUCT_BUNDLE_IDENTIFIER = xukai.SwiftTestUITests;
				PRODUCT_NAME = "$(TARGET_NAME)";
				SWIFT_EMIT_LOC_STRINGS = NO;
				SWIFT_VERSION = 5.0;
				TARGETED_DEVICE_FAMILY = "1,2";
				TEST_TARGET_NAME = SwiftTest;
			};
			name = Debug;
		};
		A9C9CBB52FD2D9D600A39F62 /* Release */ = {
			isa = XCBuildConfiguration;
			baseConfigurationReference = CAA0868A4B80B32ED75DD38A /* Pods-SwiftTest-SwiftTestUITests.release.xcconfig */;
			buildSettings = {
				CODE_SIGN_STYLE = Automatic;
				CURRENT_PROJECT_VERSION = 1;
				DEVELOPMENT_TEAM = 84TBLFRR39;
				GENERATE_INFOPLIST_FILE = YES;
				MARKETING_VERSION = 1.0;
				PRODUCT_BUNDLE_IDENTIFIER = xukai.SwiftTestUITests;
				PRODUCT_NAME = "$(TARGET_NAME)";
				SWIFT_EMIT_LOC_STRINGS = NO;
				SWIFT_VERSION = 5.0;
				TARGETED_DEVICE_FAMILY = "1,2";
				TEST_TARGET_NAME = SwiftTest;
			};
			name = Release;
		};
/* End XCBuildConfiguration section */

/* Begin XCConfigurationList section */
		A9C9CB7D2FD2D9D300A39F62 /* Build configuration list for PBXProject "SwiftTest" */ = {
			isa = XCConfigurationList;
			buildConfigurations = (
				A9C9CBAE2FD2D9D600A39F62 /* Debug */,
				A9C9CBAF2FD2D9D600A39F62 /* Release */,
			);
			defaultConfigurationIsVisible = 0;
			defaultConfigurationName = Release;
		};
		A9C9CBAB2FD2D9D600A39F62 /* Build configuration list for PBXNativeTarget "SwiftTest" */ = {
			isa = XCConfigurationList;
			buildConfigurations = (
				A9C9CBAC2FD2D9D600A39F62 /* Debug */,
				A9C9CBAD2FD2D9D600A39F62 /* Release */,
			);
			defaultConfigurationIsVisible = 0;
			defaultConfigurationName = Release;
		};
		A9C9CBB02FD2D9D600A39F62 /* Build configuration list for PBXNativeTarget "SwiftTestTests" */ = {
			isa = XCConfigurationList;
			buildConfigurations = (
				A9C9CBB12FD2D9D600A39F62 /* Debug */,
				A9C9CBB22FD2D9D600A39F62 /* Release */,
			);
			defaultConfigurationIsVisible = 0;
			defaultConfigurationName = Release;
		};
		A9C9CBB32FD2D9D600A39F62 /* Build configuration list for PBXNativeTarget "SwiftTestUITests" */ = {
			isa = XCConfigurationList;
			buildConfigurations = (
				A9C9CBB42FD2D9D600A39F62 /* Debug */,
				A9C9CBB52FD2D9D600A39F62 /* Release */,
			);
			defaultConfigurationIsVisible = 0;
			defaultConfigurationName = Release;
		};
/* End XCConfigurationList section */
	};
	rootObject = A9C9CB7A2FD2D9D300A39F62 /* Project object */;
}
